
Microsoft Visual Studio Solution File, Format Version 12.00
# Visual Studio Version 16
VisualStudioVersion = 16.0.30114.105
MinimumVisualStudioVersion = 10.0.40219.1
Project("{FAE04EC0-301F-11D3-BF4B-00C04F79EFBC}") = "App", "App\App.csproj", "{8EB93DF1-CEB9-4D42-A317-ADF141A20AD9}"
EndProject
Project("{FAE04EC0-301F-11D3-BF4B-00C04F79EFBC}") = "App.Tests", "App.Tests\App.Tests.csproj", "{3C08719D-24E9-4B03-B705-8351E2DDC110}"
EndProject
Project("{FAE04EC0-301F-11D3-BF4B-00C04F79EFBC}") = "Moq.AutoMock.MassTransit", "Moq.AutoMock.MassTransit\Moq.AutoMock.MassTransit.csproj", "{F1D39CAF-4D5D-4600-95B9-2A6B7B636FA3}"
EndProject
Project("{FAE04EC0-301F-11D3-BF4B-00C04F79EFBC}") = "WorkerService1", "WorkerService1\WorkerService1.csproj", "{A7F497B9-59F6-49BB-9F9C-76C2F55FA05E}"
EndProject
Global
	GlobalSection(SolutionConfigurationPlatforms) = preSolution
		Debug|Any CPU = Debug|Any CPU
		Release|Any CPU = Release|Any CPU
	EndGlobalSection
	GlobalSection(SolutionProperties) = preSolution
		HideSolutionNode = FALSE
	EndGlobalSection
	GlobalSection(ProjectConfigurationPlatforms) = postSolution
		{8EB93DF1-CEB9-4D42-A317-ADF141A20AD9}.Debug|Any CPU.ActiveCfg = Debug|Any CPU
		{8EB93DF1-CEB9-4D42-A317-ADF141A20AD9}.Debug|Any CPU.Build.0 = Debug|Any CPU
		{8EB93DF1-CEB9-4D42-A317-ADF141A20AD9}.Release|Any CPU.ActiveCfg = Release|Any CPU
		{8EB93DF1-CEB9-4D42-A317-ADF141A20AD9}.Release|Any CPU.Build.0 = Release|Any CPU
		{3C08719D-24E9-4B03-B705-8351E2DDC110}.Debug|Any CPU.ActiveCfg = Debug|Any CPU
		{3C08719D-24E9-4B03-B705-8351E2DDC110}.Debug|Any CPU.Build.0 = Debug|Any CPU
		{3C08719D-24E9-4B03-B705-8351E2DDC110}.Release|Any CPU.ActiveCfg = Release|Any CPU
		{3C08719D-24E9-4B03-B705-8351E2DDC110}.Release|Any CPU.Build.0 = Release|Any CPU
		{F1D39CAF-4D5D-4600-95B9-2A6B7B636FA3}.Debug|Any CPU.ActiveCfg = Debug|Any CPU
		{F1D39CAF-4D5D-4600-95B9-2A6B7B636FA3}.Debug|Any CPU.Build.0 = Debug|Any CPU
		{F1D39CAF-4D5D-4600-95B9-2A6B7B636FA3}.Release|Any CPU.ActiveCfg = Release|Any CPU
		{F1D39CAF-4D5D-4600-95B9-2A6B7B636FA3}.Release|Any CPU.Build.0 = Release|Any CPU
		{A7F497B9-59F6-49BB-9F9C-76C2F55FA05E}.Debug|Any CPU.ActiveCfg = Debug|Any CPU
		{A7F497B9-59F6-49BB-9F9C-76C2F55FA05E}.Debug|Any CPU.Build.0 = Debug|Any CPU
		{A7F497B9-59F6-49BB-9F9C-76C2F55FA05E}.Release|Any CPU.ActiveCfg = Release|Any CPU
		{A7F497B9-59F6-49BB-9F9C-76C2F55FA05E}.Release|Any CPU.Build.0 = Release|Any CPU
	EndGlobalSection
EndGlobal
